
Microsoft Visual Studio Solution File, Format Version 12.00
# Visual Studio 15
VisualStudioVersion = 15.0.28124.53
MinimumVisualStudioVersion = 10.0.40219.1
Project("{FAE04EC0-301F-11D3-BF4B-00C04F79EFBC}") = "WKTBenchMark", "WKTBenchMark\WKTBenchMark.csproj", "{01DD3BD0-3E65-4C0C-8330-1D35FBE2013C}"
EndProject
Global
	GlobalSection(SolutionConfigurationPlatforms) = preSolution
		Debug|Any CPU = Debug|Any CPU
		Release|Any CPU = Release|Any CPU
	EndGlobalSection
	GlobalSection(ProjectConfigurationPlatforms) = postSolution
		{01DD3BD0-3E65-4C0C-8330-1D35FBE2013C}.Debug|Any CPU.ActiveCfg = Debug|Any CPU
		{01DD3BD0-3E65-4C0C-8330-1D35FBE2013C}.Debug|Any CPU.Build.0 = Debug|Any CPU
		{01DD3BD0-3E65-4C0C-8330-1D35FBE2013C}.Release|Any CPU.ActiveCfg = Release|Any CPU
		{01DD3BD0-3E65-4C0C-8330-1D35FBE2013C}.Release|Any CPU.Build.0 = Release|Any CPU
	EndGlobalSection
	GlobalSection(SolutionProperties) = preSolution
		HideSolutionNode = FALSE
	EndGlobalSection
	GlobalSection(ExtensibilityGlobals) = postSolution
		SolutionGuid = {DD365136-2138-4C2F-868F-74544213ECFA}
	EndGlobalSection
EndGlobal
