
Microsoft Visual Studio Solution File, Format Version 12.00
# Visual Studio Version 16
VisualStudioVersion = 16.0.30330.147
MinimumVisualStudioVersion = 10.0.40219.1
Project("{9A19103F-16F7-4668-BE54-9A1E7A4F7556}") = "Microsoft.SqlServer.Types", "Microsoft.SqlServer.Types\Microsoft.SqlServer.Types.csproj", "{0CB9DE08-7654-48FD-90C1-EB8B5CA15CB5}"
EndProject
Project("{9A19103F-16F7-4668-BE54-9A1E7A4F7556}") = "Microsoft.SqlServer.Types.Tests", "Microsoft.SqlServer.Types.Tests\Microsoft.SqlServer.Types.Tests.csproj", "{A4C26011-C622-49F0-BE32-082A30292F3B}"
EndProject
Project("{9A19103F-16F7-4668-BE54-9A1E7A4F7556}") = "Microsoft.SqlServer.Types.M.D.S", "Microsoft.SqlServer.Types.M.D.S\Microsoft.SqlServer.Types.M.D.S.csproj", "{3413615B-632F-44DF-AE7B-63210781977D}"
EndProject
Global
	GlobalSection(SolutionConfigurationPlatforms) = preSolution
		Debug|Any CPU = Debug|Any CPU
		Release|Any CPU = Release|Any CPU
	EndGlobalSection
	GlobalSection(ProjectConfigurationPlatforms) = postSolution
		{0CB9DE08-7654-48FD-90C1-EB8B5CA15CB5}.Debug|Any CPU.ActiveCfg = Debug|Any CPU
		{0CB9DE08-7654-48FD-90C1-EB8B5CA15CB5}.Debug|Any CPU.Build.0 = Debug|Any CPU
		{0CB9DE08-7654-48FD-90C1-EB8B5CA15CB5}.Release|Any CPU.ActiveCfg = Release|Any CPU
		{0CB9DE08-7654-48FD-90C1-EB8B5CA15CB5}.Release|Any CPU.Build.0 = Release|Any CPU
		{A4C26011-C622-49F0-BE32-082A30292F3B}.Debug|Any CPU.ActiveCfg = Debug|Any CPU
		{A4C26011-C622-49F0-BE32-082A30292F3B}.Debug|Any CPU.Build.0 = Debug|Any CPU
		{A4C26011-C622-49F0-BE32-082A30292F3B}.Release|Any CPU.ActiveCfg = Release|Any CPU
		{A4C26011-C622-49F0-BE32-082A30292F3B}.Release|Any CPU.Build.0 = Release|Any CPU
		{3413615B-632F-44DF-AE7B-63210781977D}.Debug|Any CPU.ActiveCfg = Debug|Any CPU
		{3413615B-632F-44DF-AE7B-63210781977D}.Debug|Any CPU.Build.0 = Debug|Any CPU
		{3413615B-632F-44DF-AE7B-63210781977D}.Release|Any CPU.ActiveCfg = Release|Any CPU
		{3413615B-632F-44DF-AE7B-63210781977D}.Release|Any CPU.Build.0 = Release|Any CPU
	EndGlobalSection
	GlobalSection(SolutionProperties) = preSolution
		HideSolutionNode = FALSE
	EndGlobalSection
	GlobalSection(ExtensibilityGlobals) = postSolution
		SolutionGuid = {FF7D5530-8740-41BE-8A24-7E8EBE86BE94}
	EndGlobalSection
EndGlobal
